
Microsoft Visual Studio Solution File, Format Version 12.00
# Visual Studio Version 16
VisualStudioVersion = 16.0.29905.134
MinimumVisualStudioVersion = 10.0.40219.1
Project("{9A19103F-16F7-4668-BE54-9A1E7A4F7556}") = "pipelines-dotnet-core", "pipelines-dotnet-core\pipelines-dotnet-core.csproj", "{0D8FD301-A02B-42E3-88AB-8F06EA741571}"
EndProject
Project("{FAE04EC0-301F-11D3-BF4B-00C04F79EFBC}") = "pipelines-dotnet-core.Tests", "pipelines-dotnet-core.Tests\pipelines-dotnet-core.Tests.csproj", "{9362528E-BEDC-4981-8BE9-30ED8A51430E}"
EndProject
Global
	GlobalSection(SolutionConfigurationPlatforms) = preSolution
		Debug|Any CPU = Debug|Any CPU
		Release|Any CPU = Release|Any CPU
	EndGlobalSection
	GlobalSection(ProjectConfigurationPlatforms) = postSolution
		{0D8FD301-A02B-42E3-88AB-8F06EA741571}.Debug|Any CPU.ActiveCfg = Debug|Any CPU
		{0D8FD301-A02B-42E3-88AB-8F06EA741571}.Debug|Any CPU.Build.0 = Debug|Any CPU
		{0D8FD301-A02B-42E3-88AB-8F06EA741571}.Release|Any CPU.ActiveCfg = Release|Any CPU
		{0D8FD301-A02B-42E3-88AB-8F06EA741571}.Release|Any CPU.Build.0 = Release|Any CPU
		{9362528E-BEDC-4981-8BE9-30ED8A51430E}.Debug|Any CPU.ActiveCfg = Debug|Any CPU
		{9362528E-BEDC-4981-8BE9-30ED8A51430E}.Debug|Any CPU.Build.0 = Debug|Any CPU
		{9362528E-BEDC-4981-8BE9-30ED8A51430E}.Release|Any CPU.ActiveCfg = Release|Any CPU
		{9362528E-BEDC-4981-8BE9-30ED8A51430E}.Release|Any CPU.Build.0 = Release|Any CPU
	EndGlobalSection
	GlobalSection(SolutionProperties) = preSolution
		HideSolutionNode = FALSE
	EndGlobalSection
	GlobalSection(ExtensibilityGlobals) = postSolution
		SolutionGuid = {93EE6D51-047D-4667-863B-8A405D6B5BD0}
	EndGlobalSection
EndGlobal
